// !$*UTF8*$!
{
	archiveVersion = 1;
	classes = {
	};
	objectVersion = 46;
	objects = {

/* Begin PBXBuildFile section */
		5E79DDF41BC6AA3B0039F3B7 /* AppDelegate.swift in Sources */ = {isa = PBXBuildFile; fileRef = 5E79DDF31BC6AA3B0039F3B7 /* AppDelegate.swift */; };
		5E79DDF61BC6AA3B0039F3B7 /* MasterViewController.swift in Sources */ = {isa = PBXBuildFile; fileRef = 5E79DDF51BC6AA3B0039F3B7 /* MasterViewController.swift */; };
		5E79DDF81BC6AA3B0039F3B7 /* DetailViewController.swift in Sources */ = {isa = PBXBuildFile; fileRef = 5E79DDF71BC6AA3B0039F3B7 /* DetailViewController.swift */; };
		5E79DDFB1BC6AA3B0039F3B7 /* Main.storyboard in Resources */ = {isa = PBXBuildFile; fileRef = 5E79DDF91BC6AA3B0039F3B7 /* Main.storyboard */; };
		5E79DDFD1BC6AA3B0039F3B7 /* Assets.xcassets in Resources */ = {isa = PBXBuildFile; fileRef = 5E79DDFC1BC6AA3B0039F3B7 /* Assets.xcassets */; };
		5E79DE001BC6AA3B0039F3B7 /* LaunchScreen.storyboard in Resources */ = {isa = PBXBuildFile; fileRef = 5E79DDFE1BC6AA3B0039F3B7 /* LaunchScreen.storyboard */; };
		5E79DE0B1BC6AA3B0039F3B7 /* Entities_DemoTests.swift in Sources */ = {isa = PBXBuildFile; fileRef = 5E79DE0A1BC6AA3B0039F3B7 /* Entities_DemoTests.swift */; };
		5E79DE161BC6AFB90039F3B7 /* MasterViewModel.swift in Sources */ = {isa = PBXBuildFile; fileRef = 5E79DE151BC6AFB90039F3B7 /* MasterViewModel.swift */; settings = {ASSET_TAGS = (); }; };
		95A96552E6485EE64D0A2F66 /* Pods_Entities_Demo.framework in Frameworks */ = {isa = PBXBuildFile; fileRef = 2C12561CE392C0ADCDCF5729 /* Pods_Entities_Demo.framework */; settings = {ATTRIBUTES = (Weak, ); }; };
/* End PBXBuildFile section */

/* Begin PBXContainerItemProxy section */
		5E79DE071BC6AA3B0039F3B7 /* PBXContainerItemProxy */ = {
			isa = PBXContainerItemProxy;
			containerPortal = 5E79DDE81BC6AA3B0039F3B7 /* Project object */;
			proxyType = 1;
			remoteGlobalIDString = 5E79DDEF1BC6AA3B0039F3B7;
			remoteInfo = "Entities Demo";
		};
/* End PBXContainerItemProxy section */

/* Begin PBXFileReference section */
		2C12561CE392C0ADCDCF5729 /* Pods_Entities_Demo.framework */ = {isa = PBXFileReference; explicitFileType = wrapper.framework; includeInIndex = 0; path = Pods_Entities_Demo.framework; sourceTree = BUILT_PRODUCTS_DIR; };
		445FF328997D282239357F34 /* Pods-Entities Demo.debug.xcconfig */ = {isa = PBXFileReference; includeInIndex = 1; lastKnownFileType = text.xcconfig; name = "Pods-Entities Demo.debug.xcconfig"; path = "Pods/Target Support Files/Pods-Entities Demo/Pods-Entities Demo.debug.xcconfig"; sourceTree = "<group>"; };
		5E79DDF01BC6AA3B0039F3B7 /* Entities Demo.app */ = {isa = PBXFileReference; explicitFileType = wrapper.application; includeInIndex = 0; path = "Entities Demo.app"; sourceTree = BUILT_PRODUCTS_DIR; };
		5E79DDF31BC6AA3B0039F3B7 /* AppDelegate.swift */ = {isa = PBXFileReference; lastKnownFileType = sourcecode.swift; path = AppDelegate.swift; sourceTree = "<group>"; };
		5E79DDF51BC6AA3B0039F3B7 /* MasterViewController.swift */ = {isa = PBXFileReference; lastKnownFileType = sourcecode.swift; path = MasterViewController.swift; sourceTree = "<group>"; };
		5E79DDF71BC6AA3B0039F3B7 /* DetailViewController.swift */ = {isa = PBXFileReference; lastKnownFileType = sourcecode.swift; path = DetailViewController.swift; sourceTree = "<group>"; };
		5E79DDFA1BC6AA3B0039F3B7 /* Base */ = {isa = PBXFileReference; lastKnownFileType = file.storyboard; name = Base; path = Base.lproj/Main.storyboard; sourceTree = "<group>"; };
		5E79DDFC1BC6AA3B0039F3B7 /* Assets.xcassets */ = {isa = PBXFileReference; lastKnownFileType = folder.assetcatalog; path = Assets.xcassets; sourceTree = "<group>"; };
		5E79DDFF1BC6AA3B0039F3B7 /* Base */ = {isa = PBXFileReference; lastKnownFileType = file.storyboard; name = Base; path = Base.lproj/LaunchScreen.storyboard; sourceTree = "<group>"; };
		5E79DE011BC6AA3B0039F3B7 /* Info.plist */ = {isa = PBXFileReference; lastKnownFileType = text.plist.xml; path = Info.plist; sourceTree = "<group>"; };
		5E79DE061BC6AA3B0039F3B7 /* Entities DemoTests.xctest */ = {isa = PBXFileReference; explicitFileType = wrapper.cfbundle; includeInIndex = 0; path = "Entities DemoTests.xctest"; sourceTree = BUILT_PRODUCTS_DIR; };
		5E79DE0A1BC6AA3B0039F3B7 /* Entities_DemoTests.swift */ = {isa = PBXFileReference; lastKnownFileType = sourcecode.swift; path = Entities_DemoTests.swift; sourceTree = "<group>"; };
		5E79DE0C1BC6AA3B0039F3B7 /* Info.plist */ = {isa = PBXFileReference; lastKnownFileType = text.plist.xml; path = Info.plist; sourceTree = "<group>"; };
		5E79DE151BC6AFB90039F3B7 /* MasterViewModel.swift */ = {isa = PBXFileReference; fileEncoding = 4; lastKnownFileType = sourcecode.swift; path = MasterViewModel.swift; sourceTree = "<group>"; };
		BF26D26846733D6274758977 /* Pods-Entities Demo.release.xcconfig */ = {isa = PBXFileReference; includeInIndex = 1; lastKnownFileType = text.xcconfig; name = "Pods-Entities Demo.release.xcconfig"; path = "Pods/Target Support Files/Pods-Entities Demo/Pods-Entities Demo.release.xcconfig"; sourceTree = "<group>"; };
/* End PBXFileReference section */

/* Begin PBXFrameworksBuildPhase section */
		5E79DDED1BC6AA3B0039F3B7 /* Frameworks */ = {
			isa = PBXFrameworksBuildPhase;
			buildActionMask = 2147483647;
			files = (
				95A96552E6485EE64D0A2F66 /* Pods_Entities_Demo.framework in Frameworks */,
			);
			runOnlyForDeploymentPostprocessing = 0;
		};
		5E79DE031BC6AA3B0039F3B7 /* Frameworks */ = {
			isa = PBXFrameworksBuildPhase;
			buildActionMask = 2147483647;
			files = (
			);
			runOnlyForDeploymentPostprocessing = 0;
		};
/* End PBXFrameworksBuildPhase section */

/* Begin PBXGroup section */
		5E79DDE71BC6AA3B0039F3B7 = {
			isa = PBXGroup;
			children = (
				5E79DDF21BC6AA3B0039F3B7 /* Entities Demo */,
				5E79DE091BC6AA3B0039F3B7 /* Entities DemoTests */,
				5E79DDF11BC6AA3B0039F3B7 /* Products */,
				99AEB4599BFE0BABE0236BE1 /* Pods */,
				6BDDB613DFD6E4DEF878B877 /* Frameworks */,
			);
			sourceTree = "<group>";
		};
		5E79DDF11BC6AA3B0039F3B7 /* Products */ = {
			isa = PBXGroup;
			children = (
				5E79DDF01BC6AA3B0039F3B7 /* Entities Demo.app */,
				5E79DE061BC6AA3B0039F3B7 /* Entities DemoTests.xctest */,
			);
			name = Products;
			sourceTree = "<group>";
		};
		5E79DDF21BC6AA3B0039F3B7 /* Entities Demo */ = {
			isa = PBXGroup;
			children = (
				5E79DDF31BC6AA3B0039F3B7 /* AppDelegate.swift */,
				5E79DDF51BC6AA3B0039F3B7 /* MasterViewController.swift */,
				5E79DE151BC6AFB90039F3B7 /* MasterViewModel.swift */,
				5E79DDF71BC6AA3B0039F3B7 /* DetailViewController.swift */,
				5E79DDF91BC6AA3B0039F3B7 /* Main.storyboard */,
				5E79DDFC1BC6AA3B0039F3B7 /* Assets.xcassets */,
				5E79DDFE1BC6AA3B0039F3B7 /* LaunchScreen.storyboard */,
				5E79DE011BC6AA3B0039F3B7 /* Info.plist */,
			);
			path = "Entities Demo";
			sourceTree = "<group>";
		};
		5E79DE091BC6AA3B0039F3B7 /* Entities DemoTests */ = {
			isa = PBXGroup;
			children = (
				5E79DE0A1BC6AA3B0039F3B7 /* Entities_DemoTests.swift */,
				5E79DE0C1BC6AA3B0039F3B7 /* Info.plist */,
			);
			path = "Entities DemoTests";
			sourceTree = "<group>";
		};
		6BDDB613DFD6E4DEF878B877 /* Frameworks */ = {
			isa = PBXGroup;
			children = (
				2C12561CE392C0ADCDCF5729 /* Pods_Entities_Demo.framework */,
			);
			name = Frameworks;
			sourceTree = "<group>";
		};
		99AEB4599BFE0BABE0236BE1 /* Pods */ = {
			isa = PBXGroup;
			children = (
				445FF328997D282239357F34 /* Pods-Entities Demo.debug.xcconfig */,
				BF26D26846733D6274758977 /* Pods-Entities Demo.release.xcconfig */,
			);
			name = Pods;
			sourceTree = "<group>";
		};
/* End PBXGroup section */

/* Begin PBXNativeTarget section */
		5E79DDEF1BC6AA3B0039F3B7 /* Entities Demo */ = {
			isa = PBXNativeTarget;
			buildConfigurationList = 5E79DE0F1BC6AA3B0039F3B7 /* Build configuration list for PBXNativeTarget "Entities Demo" */;
			buildPhases = (
				CA5A5F3D7AE29979A318F778 /* Check Pods Manifest.lock */,
				5E79DDEC1BC6AA3B0039F3B7 /* Sources */,
				5E79DDED1BC6AA3B0039F3B7 /* Frameworks */,
				5E79DDEE1BC6AA3B0039F3B7 /* Resources */,
				152EF939AD76490938EABBCA /* Embed Pods Frameworks */,
				97FC735B498BC443E5AB83E8 /* Copy Pods Resources */,
			);
			buildRules = (
			);
			dependencies = (
			);
			name = "Entities Demo";
			productName = "Entities Demo";
			productReference = 5E79DDF01BC6AA3B0039F3B7 /* Entities Demo.app */;
			productType = "com.apple.product-type.application";
		};
		5E79DE051BC6AA3B0039F3B7 /* Entities DemoTests */ = {
			isa = PBXNativeTarget;
			buildConfigurationList = 5E79DE121BC6AA3B0039F3B7 /* Build configuration list for PBXNativeTarget "Entities DemoTests" */;
			buildPhases = (
				5E79DE021BC6AA3B0039F3B7 /* Sources */,
				5E79DE031BC6AA3B0039F3B7 /* Frameworks */,
				5E79DE041BC6AA3B0039F3B7 /* Resources */,
			);
			buildRules = (
			);
			dependencies = (
				5E79DE081BC6AA3B0039F3B7 /* PBXTargetDependency */,
			);
			name = "Entities DemoTests";
			productName = "Entities DemoTests";
			productReference = 5E79DE061BC6AA3B0039F3B7 /* Entities DemoTests.xctest */;
			productType = "com.apple.product-type.bundle.unit-test";
		};
/* End PBXNativeTarget section */

/* Begin PBXProject section */
		5E79DDE81BC6AA3B0039F3B7 /* Project object */ = {
			isa = PBXProject;
			attributes = {
				LastUpgradeCheck = 0700;
				ORGANIZATIONNAME = Artsy;
				TargetAttributes = {
					5E79DDEF1BC6AA3B0039F3B7 = {
						CreatedOnToolsVersion = 7.0;
					};
					5E79DE051BC6AA3B0039F3B7 = {
						CreatedOnToolsVersion = 7.0;
						TestTargetID = 5E79DDEF1BC6AA3B0039F3B7;
					};
				};
			};
			buildConfigurationList = 5E79DDEB1BC6AA3B0039F3B7 /* Build configuration list for PBXProject "Entities Demo" */;
			compatibilityVersion = "Xcode 3.2";
			developmentRegion = English;
			hasScannedForEncodings = 0;
			knownRegions = (
				en,
				Base,
			);
			mainGroup = 5E79DDE71BC6AA3B0039F3B7;
			productRefGroup = 5E79DDF11BC6AA3B0039F3B7 /* Products */;
			projectDirPath = "";
			projectRoot = "";
			targets = (
				5E79DDEF1BC6AA3B0039F3B7 /* Entities Demo */,
				5E79DE051BC6AA3B0039F3B7 /* Entities DemoTests */,
			);
		};
/* End PBXProject section */

/* Begin PBXResourcesBuildPhase section */
		5E79DDEE1BC6AA3B0039F3B7 /* Resources */ = {
			isa = PBXResourcesBuildPhase;
			buildActionMask = 2147483647;
			files = (
				5E79DE001BC6AA3B0039F3B7 /* LaunchScreen.storyboard in Resources */,
				5E79DDFD1BC6AA3B0039F3B7 /* Assets.xcassets in Resources */,
				5E79DDFB1BC6AA3B0039F3B7 /* Main.storyboard in Resources */,
			);
			runOnlyForDeploymentPostprocessing = 0;
		};
		5E79DE041BC6AA3B0039F3B7 /* Resources */ = {
			isa = PBXResourcesBuildPhase;
			buildActionMask = 2147483647;
			files = (
			);
			runOnlyForDeploymentPostprocessing = 0;
		};
/* End PBXResourcesBuildPhase section */

/* Begin PBXShellScriptBuildPhase section */
		152EF939AD76490938EABBCA /* Embed Pods Frameworks */ = {
			isa = PBXShellScriptBuildPhase;
			buildActionMask = 2147483647;
			files = (
			);
			inputPaths = (
			);
			name = "Embed Pods Frameworks";
			outputPaths = (
			);
			runOnlyForDeploymentPostprocessing = 0;
			shellPath = /bin/sh;
			shellScript = "\"${SRCROOT}/Pods/Target Support Files/Pods-Entities Demo/Pods-Entities Demo-frameworks.sh\"\n";
			showEnvVarsInLog = 0;
		};
		97FC735B498BC443E5AB83E8 /* Copy Pods Resources */ = {
			isa = PBXShellScriptBuildPhase;
			buildActionMask = 2147483647;
			files = (
			);
			inputPaths = (
			);
			name = "Copy Pods Resources";
			outputPaths = (
			);
			runOnlyForDeploymentPostprocessing = 0;
			shellPath = /bin/sh;
			shellScript = "\"${SRCROOT}/Pods/Target Support Files/Pods-Entities Demo/Pods-Entities Demo-resources.sh\"\n";
			showEnvVarsInLog = 0;
		};
		CA5A5F3D7AE29979A318F778 /* Check Pods Manifest.lock */ = {
			isa = PBXShellScriptBuildPhase;
			buildActionMask = 2147483647;
			files = (
			);
			inputPaths = (
			);
			name = "Check Pods Manifest.lock";
			outputPaths = (
			);
			runOnlyForDeploymentPostprocessing = 0;
			shellPath = /bin/sh;
			shellScript = "diff \"${PODS_ROOT}/../Podfile.lock\" \"${PODS_ROOT}/Manifest.lock\" > /dev/null\nif [[ $? != 0 ]] ; then\n    cat << EOM\nerror: The sandbox is not in sync with the Podfile.lock. Run 'pod install' or update your CocoaPods installation.\nEOM\n    exit 1\nfi\n";
			showEnvVarsInLog = 0;
		};
/* End PBXShellScriptBuildPhase section */

/* Begin PBXSourcesBuildPhase section */
		5E79DDEC1BC6AA3B0039F3B7 /* Sources */ = {
			isa = PBXSourcesBuildPhase;
			buildActionMask = 2147483647;
			files = (
				5E79DE161BC6AFB90039F3B7 /* MasterViewModel.swift in Sources */,
				5E79DDF81BC6AA3B0039F3B7 /* DetailViewController.swift in Sources */,
				5E79DDF61BC6AA3B0039F3B7 /* MasterViewController.swift in Sources */,
				5E79DDF41BC6AA3B0039F3B7 /* AppDelegate.swift in Sources */,
			);
			runOnlyForDeploymentPostprocessing = 0;
		};
		5E79DE021BC6AA3B0039F3B7 /* Sources */ = {
			isa = PBXSourcesBuildPhase;
			buildActionMask = 2147483647;
			files = (
				5E79DE0B1BC6AA3B0039F3B7 /* Entities_DemoTests.swift in Sources */,
			);
			runOnlyForDeploymentPostprocessing = 0;
		};
/* End PBXSourcesBuildPhase section */

/* Begin PBXTargetDependency section */
		5E79DE081BC6AA3B0039F3B7 /* PBXTargetDependency */ = {
			isa = PBXTargetDependency;
			target = 5E79DDEF1BC6AA3B0039F3B7 /* Entities Demo */;
			targetProxy = 5E79DE071BC6AA3B0039F3B7 /* PBXContainerItemProxy */;
		};
/* End PBXTargetDependency section */

/* Begin PBXVariantGroup section */
		5E79DDF91BC6AA3B0039F3B7 /* Main.storyboard */ = {
			isa = PBXVariantGroup;
			children = (
				5E79DDFA1BC6AA3B0039F3B7 /* Base */,
			);
			name = Main.storyboard;
			sourceTree = "<group>";
		};
		5E79DDFE1BC6AA3B0039F3B7 /* LaunchScreen.storyboard */ = {
			isa = PBXVariantGroup;
			children = (
				5E79DDFF1BC6AA3B0039F3B7 /* Base */,
			);
			name = LaunchScreen.storyboard;
			sourceTree = "<group>";
		};
/* End PBXVariantGroup section */

/* Begin XCBuildConfiguration section */
		5E79DE0D1BC6AA3B0039F3B7 /* Debug */ = {
			isa = XCBuildConfiguration;
			buildSettings = {
				ALWAYS_SEARCH_USER_PATHS = NO;
				CLANG_CXX_LANGUAGE_STANDARD = "gnu++0x";
				CLANG_CXX_LIBRARY = "libc++";
				CLANG_ENABLE_MODULES = YES;
				CLANG_ENABLE_OBJC_ARC = YES;
				CLANG_WARN_BOOL_CONVERSION = YES;
				CLANG_WARN_CONSTANT_CONVERSION = YES;
				CLANG_WARN_DIRECT_OBJC_ISA_USAGE = YES_ERROR;
				CLANG_WARN_EMPTY_BODY = YES;
				CLANG_WARN_ENUM_CONVERSION = YES;
				CLANG_WARN_INT_CONVERSION = YES;
				CLANG_WARN_OBJC_ROOT_CLASS = YES_ERROR;
				CLANG_WARN_UNREACHABLE_CODE = YES;
				CLANG_WARN__DUPLICATE_METHOD_MATCH = YES;
				"CODE_SIGN_IDENTITY[sdk=iphoneos*]" = "iPhone Developer";
				COPY_PHASE_STRIP = NO;
				DEBUG_INFORMATION_FORMAT = dwarf;
				ENABLE_STRICT_OBJC_MSGSEND = YES;
				ENABLE_TESTABILITY = YES;
				GCC_C_LANGUAGE_STANDARD = gnu99;
				GCC_DYNAMIC_NO_PIC = NO;
				GCC_NO_COMMON_BLOCKS = YES;
				GCC_OPTIMIZATION_LEVEL = 0;
				GCC_PREPROCESSOR_DEFINITIONS = (
					"DEBUG=1",
					"$(inherited)",
				);
				GCC_WARN_64_TO_32_BIT_CONVERSION = YES;
				GCC_WARN_ABOUT_RETURN_TYPE = YES_ERROR;
				GCC_WARN_UNDECLARED_SELECTOR = YES;
				GCC_WARN_UNINITIALIZED_AUTOS = YES_AGGRESSIVE;
				GCC_WARN_UNUSED_FUNCTION = YES;
				GCC_WARN_UNUSED_VARIABLE = YES;
				IPHONEOS_DEPLOYMENT_TARGET = 9.0;
				MTL_ENABLE_DEBUG_INFO = YES;
				ONLY_ACTIVE_ARCH = YES;
				SDKROOT = iphoneos;
				SWIFT_OPTIMIZATION_LEVEL = "-Onone";
			};
			name = Debug;
		};
		5E79DE0E1BC6AA3B0039F3B7 /* Release */ = {
			isa = XCBuildConfiguration;
			buildSettings = {
				ALWAYS_SEARCH_USER_PATHS = NO;
				CLANG_CXX_LANGUAGE_STANDARD = "gnu++0x";
				CLANG_CXX_LIBRARY = "libc++";
				CLANG_ENABLE_MODULES = YES;
				CLANG_ENABLE_OBJC_ARC = YES;
				CLANG_WARN_BOOL_CONVERSION = YES;
				CLANG_WARN_CONSTANT_CONVERSION = YES;
				CLANG_WARN_DIRECT_OBJC_ISA_USAGE = YES_ERROR;
				CLANG_WARN_EMPTY_BODY = YES;
				CLANG_WARN_ENUM_CONVERSION = YES;
				CLANG_WARN_INT_CONVERSION = YES;
				CLANG_WARN_OBJC_ROOT_CLASS = YES_ERROR;
				CLANG_WARN_UNREACHABLE_CODE = YES;
				CLANG_WARN__DUPLICATE_METHOD_MATCH = YES;
				"CODE_SIGN_IDENTITY[sdk=iphoneos*]" = "iPhone Developer";
				COPY_PHASE_STRIP = NO;
				DEBUG_INFORMATION_FORMAT = "dwarf-with-dsym";
				ENABLE_NS_ASSERTIONS = NO;
				ENABLE_STRICT_OBJC_MSGSEND = YES;
				GCC_C_LANGUAGE_STANDARD = gnu99;
				GCC_NO_COMMON_BLOCKS = YES;
				GCC_WARN_64_TO_32_BIT_CONVERSION = YES;
				GCC_WARN_ABOUT_RETURN_TYPE = YES_ERROR;
				GCC_WARN_UNDECLARED_SELECTOR = YES;
				GCC_WARN_UNINITIALIZED_AUTOS = YES_AGGRESSIVE;
				GCC_WARN_UNUSED_FUNCTION = YES;
				GCC_WARN_UNUSED_VARIABLE = YES;
				IPHONEOS_DEPLOYMENT_TARGET = 9.0;
				MTL_ENABLE_DEBUG_INFO = NO;
				SDKROOT = iphoneos;
				VALIDATE_PRODUCT = YES;
			};
			name = Release;
		};
		5E79DE101BC6AA3B0039F3B7 /* Debug */ = {
			isa = XCBuildConfiguration;
			baseConfigurationReference = 445FF328997D282239357F34 /* Pods-Entities Demo.debug.xcconfig */;
			buildSettings = {
				ASSETCATALOG_COMPILER_APPICON_NAME = AppIcon;
				INFOPLIST_FILE = "Entities Demo/Info.plist";
				LD_RUNPATH_SEARCH_PATHS = "$(inherited) @executable_path/Frameworks";
				PRODUCT_BUNDLE_IDENTIFIER = "net.artsy.Entities-Demo";
				PRODUCT_NAME = "$(TARGET_NAME)";
			};
			name = Debug;
		};
		5E79DE111BC6AA3B0039F3B7 /* Release */ = {
			isa = XCBuildConfiguration;
			baseConfigurationReference = BF26D26846733D6274758977 /* Pods-Entities Demo.release.xcconfig */;
			buildSettings = {
				ASSETCATALOG_COMPILER_APPICON_NAME = AppIcon;
				INFOPLIST_FILE = "Entities Demo/Info.plist";
				LD_RUNPATH_SEARCH_PATHS = "$(inherited) @executable_path/Frameworks";
				PRODUCT_BUNDLE_IDENTIFIER = "net.artsy.Entities-Demo";
				PRODUCT_NAME = "$(TARGET_NAME)";
			};
			name = Release;
		};
		5E79DE131BC6AA3B0039F3B7 /* Debug */ = {
			isa = XCBuildConfiguration;
			buildSettings = {
				BUNDLE_LOADER = "$(TEST_HOST)";
				INFOPLIST_FILE = "Entities DemoTests/Info.plist";
				LD_RUNPATH_SEARCH_PATHS = "$(inherited) @executable_path/Frameworks @loader_path/Frameworks";
				PRODUCT_BUNDLE_IDENTIFIER = "net.artsy.Entities-DemoTests";
				PRODUCT_NAME = "$(TARGET_NAME)";
				TEST_HOST = "$(BUILT_PRODUCTS_DIR)/Entities Demo.app/Entities Demo";
			};
			name = Debug;
		};
		5E79DE141BC6AA3B0039F3B7 /* Release */ = {
			isa = XCBuildConfiguration;
			buildSettings = {
				BUNDLE_LOADER = "$(TEST_HOST)";
				INFOPLIST_FILE = "Entities DemoTests/Info.plist";
				LD_RUNPATH_SEARCH_PATHS = "$(inherited) @executable_path/Frameworks @loader_path/Frameworks";
				PRODUCT_BUNDLE_IDENTIFIER = "net.artsy.Entities-DemoTests";
				PRODUCT_NAME = "$(TARGET_NAME)";
				TEST_HOST = "$(BUILT_PRODUCTS_DIR)/Entities Demo.app/Entities Demo";
			};
			name = Release;
		};
/* End XCBuildConfiguration section */

/* Begin XCConfigurationList section */
		5E79DDEB1BC6AA3B0039F3B7 /* Build configuration list for PBXProject "Entities Demo" */ = {
			isa = XCConfigurationList;
			buildConfigurations = (
				5E79DE0D1BC6AA3B0039F3B7 /* Debug */,
				5E79DE0E1BC6AA3B0039F3B7 /* Release */,
			);
			defaultConfigurationIsVisible = 0;
			defaultConfigurationName = Release;
		};
		5E79DE0F1BC6AA3B0039F3B7 /* Build configuration list for PBXNativeTarget "Entities Demo" */ = {
			isa = XCConfigurationList;
			buildConfigurations = (
				5E79DE101BC6AA3B0039F3B7 /* Debug */,
				5E79DE111BC6AA3B0039F3B7 /* Release */,
			);
			defaultConfigurationIsVisible = 0;
			defaultConfigurationName = Release;
		};
		5E79DE121BC6AA3B0039F3B7 /* Build configuration list for PBXNativeTarget "Entities DemoTests" */ = {
			isa = XCConfigurationList;
			buildConfigurations = (
				5E79DE131BC6AA3B0039F3B7 /* Debug */,
				5E79DE141BC6AA3B0039F3B7 /* Release */,
			);
			defaultConfigurationIsVisible = 0;
			defaultConfigurationName = Release;
		};
/* End XCConfigurationList section */
	};
	rootObject = 5E79DDE81BC6AA3B0039F3B7 /* Project object */;
}
